{
    "_meta": {
        "hash": {
            "sha256": "35ea6f869b660b6e8ca6b0ca1bc187848548e6cc29aa1cf57bd377dc644f01bb"
        },
        "pipfile-spec": 6,
        "requires": {
            "python_version": "3.7"
        },
        "sources": [
            {
                "name": "pypi",
                "url": "https://pypi.org/simple",
                "verify_ssl": true
            }
        ]
    },
    "default": {
        "backports.cached-property": {
            "hashes": [
                "sha256:1a5ef1e750f8bc7d0204c807aae8e0f450c655be0cf4b30407a35fd4bb27186c",
                "sha256:687b5fe14be40aadcf547cae91337a1fdb84026046a39370274e54d3fe4fb4f9"
            ],
            "markers": "python_version < '3.8'",
            "version": "==1.0.1"
        },
        "certifi": {
            "hashes": [
                "sha256:78884e7c1d4b00ce3cea67b44566851c4343c120abd683433ce934a68ea58872",
                "sha256:d62a0163eb4c2344ac042ab2bdf75399a71a2d8c7d47eac2e2ee91b9d6339569"
            ],
            "version": "==2021.10.8"
        },
        "charset-normalizer": {
            "hashes": [
                "sha256:2857e29ff0d34db842cd7ca3230549d1a697f96ee6d3fb071cfa6c7393832597",
                "sha256:6881edbebdb17b39b4eaaa821b438bf6eddffb4468cf344f09f89def34a8b1df"
            ],
            "markers": "python_version >= '3'",
            "version": "==2.0.12"
        },
        "click": {
            "hashes": [
                "sha256:7682dc8afb30297001674575ea00d1814d808d6a36af415a82bd481d37ba7b8e",
                "sha256:bb4d8133cb15a609f44e8213d9b391b0809795062913b383c62be0ee95b1db48"
            ],
            "markers": "python_version >= '3.7'",
            "version": "==8.1.3"
        },
        "click-default-group": {
            "hashes": [
                "sha256:d9560e8e8dfa44b3562fbc9425042a0fd6d21956fcc2db0077f63f34253ab904"
            ],
            "version": "==1.2.2"
        },
        "cloup": {
            "hashes": [
                "sha256:04a29a483e122c04f401547dcbce451ce002ff3e392308122619d5b9009f321f",
                "sha256:ea0acc67eed994b86e79b70d76bc2ea525b7f98f3cd8e63696896d549597ef4d"
            ],
            "markers": "python_version >= '3.6'",
            "version": "==0.13.1"
        },
        "colorama": {
            "hashes": [
                "sha256:5941b2b48a20143d2267e95b1c2a7603ce057ee39fd88e7329b0c292aa16869b",
                "sha256:9f47eda37229f68eee03b24b9748937c7dc3868f906e8ba69fbcbdd3bc5dc3e2"
            ],
            "markers": "platform_system == 'Windows' and platform_system == 'Windows'",
            "version": "==0.4.4"
        },
        "colour": {
            "hashes": [
                "sha256:33f6db9d564fadc16e59921a56999b79571160ce09916303d35346dddc17978c",
                "sha256:af20120fefd2afede8b001fbef2ea9da70ad7d49fafdb6489025dae8745c3aee"
            ],
            "version": "==0.1.5"
        },
        "commonmark": {
            "hashes": [
                "sha256:452f9dc859be7f06631ddcb328b6919c67984aca654e5fefb3914d54691aed60",
                "sha256:da2f38c92590f83de410ba1a3cbceafbc74fee9def35f9251ba9a971d6d66fd9"
            ],
            "version": "==0.9.1"
        },
        "decorator": {
            "hashes": [
                "sha256:637996211036b6385ef91435e4fae22989472f9d571faba8927ba8253acbc330",
                "sha256:b8c3f85900b9dc423225913c5aace94729fe1fa9763b38939a95226f02d37186"
            ],
            "markers": "python_version >= '3.5'",
            "version": "==5.1.1"
        },
        "glcontext": {
            "hashes": [
                "sha256:01106836f02d0098cbcacbc6d0c911f27fa728177d5a651ff44325dfafba7077",
                "sha256:032d10008de005b51a2401820356e9f7d51bc9c2a28f8194cc1c345bf1a8a3f9",
                "sha256:0a800ba7fd1912f6424bd5979ba596f08308a9e949da73aba942b0a535860170",
                "sha256:0e613a52a32b9fd5a528981c94b39078064a96380cad91ade4c312340d5404af",
                "sha256:12ba701c46e7b774857b756ac6af15487b917a29dce195e40d834638edaad6f4",
                "sha256:16bde9cf3bae7129f5308be4a1143db58e68b49b10c77e4e34f9a51cf98fd557",
                "sha256:1bcb5b2ddd21d37f8a1b2aaa62e3952e54a09bc31d29b861a4dcc57a536514f0",
                "sha256:226453bb7ff5a79e88c59ae38b60d1ce002fa2196b19aa8fada147221816e78c",
                "sha256:22699f81696756ec98fcf8b9a2ebd1dd73a42f81501d7748855e66b63d963c36",
                "sha256:233a9a977d545acf7d2ea1065c986fe6b711948f31499ce5e49e5366eefafa08",
                "sha256:2ac6f80440510473621d287603ef69a08b985c06619f62f42cb485e5ca6e872c",
                "sha256:2eb3c2d7879076a33e801283ab2403788b78e1a45dc89e664a3100b967d471a1",
                "sha256:3a30c62c6168b42a32083dc8c967e421f8c346e4452a00809c056ce6c6bea0c4",
                "sha256:41a69166c20b1a67b2652a5074a78078df7e19f36c65d92f6552535a1182d4cc",
                "sha256:48f299b77612b9c80f026204ee3a3062b56cb0776c1d25a6b5ce05fb7e18b261",
                "sha256:4d399cba251b301d94eb7a41017ba68e001673f642606229fba7a0d4183b3273",
                "sha256:60a982fc78b4400d3b5075f9790977c4d2bdf99824af3cd0428ae5a54437635f",
                "sha256:64c0425155174fd2faaff7f631d41792365e357484c7f44a6b38efc1ea38468c",
                "sha256:7f114582574c8013fdec09154767b2c3f87875b74ff9938b20d3265971d08971",
                "sha256:81addba70acbc3fa84ace2b53509c89ff3c7bfe068d1ba2d7d3478140aed2838",
                "sha256:861304731c2fa5413e24abc32ac8335e93cf9f8dc7ab767ea69d380d8d503b1b",
                "sha256:86441e63363dcbb97ee813c9978c1d8998563e76b3726776da04b7be49813be3",
                "sha256:8789947abf3594a11655f23be88481dae0a660bbf8f42e2a5fa95a8fce59ba2c",
                "sha256:8ca64b73e16712537a95d2e848a13391f83d72f5c19bde5f05562b62b2a1fee6",
                "sha256:970a2769c6aed12e29bd1edbb30a04fa17871a6cf7bb95190e65302c693ce928",
                "sha256:98d5dfc4629ed85e51176fc1d8563944e0439b77bc6fe2365cb42207838ea32f",
                "sha256:a4f862f2b4426f1786743448c899d225e8383538602a04c3ffc9622956d08140",
                "sha256:a8b118f0361e61e21279e414a1fa759288421ac311e44ce08e718de38f788183",
                "sha256:b25a94ddd93eef639fd0a377b7ebc1ac972978796a2ada74fd5b03b88719d88a",
                "sha256:b6030d9deedba125d95d39abd72c36fbf6f0a7f866e600f22b210e368afbf522",
                "sha256:bd50f826bb70df2415c7166d5e0aebdda3e47df8af385f562d8d5ba6018f87e9",
                "sha256:c8adc530ecbb0c01c0abcc56ee71c7bcf8799209bff9e5c32f1a1d77f7035468",
                "sha256:cb5b67ffc75ff4a358e8f739d3c65e1bbcc9e75c651dd5945c787d7b9c3ad03f",
                "sha256:cdb540eec587deddca037fb4dfdaa0921dcab0fd4d7ea5f1079e44fcb1b81e67",
                "sha256:e531662f37d171c08fcdc4ca442468266bef77da14c72c183bcaa2cd80111386",
                "sha256:e59f5afe61c5bc18dc7766c36a0ac912794a53605b30469c6c6be20483f4b42f",
                "sha256:e646d9c5af3b583f74a586fd151b787314352116e7c06c4902da93e15082bdb4",
                "sha256:f3f573bde2183943f6161aeb81cad14a2978f143c686dd52253a38cdae7e7667"
            ],
            "version": "==2.3.6"
        },
        "idna": {
            "hashes": [
                "sha256:84d9dd047ffa80596e0f246e2eab0b391788b0503584e8945f2368256d2735ff",
                "sha256:9d643ff0a55b762d5cdb124b8eaa99c66322e2157b69160bc32796e824360e6d"
            ],
            "markers": "python_version >= '3'",
            "version": "==3.3"
        },
        "importlib-metadata": {
            "hashes": [
                "sha256:1208431ca90a8cca1a6b8af391bb53c1a2db74e5d1cef6ddced95d4b2062edc6",
                "sha256:ea4c597ebf37142f827b8f39299579e31685c31d3a438b59f469406afd0f2539"
            ],
            "markers": "python_version < '3.8' and python_version < '3.8'",
            "version": "==4.11.3"
        },
        "isosurfaces": {
            "hashes": [
                "sha256:a3421f7e7115f72f8f1af538ac4723e5570b1aaa0ddfc6a86520d2d781f3e91f",
                "sha256:fa1b44e5e59d2f429add49289ab89e36f8dcda49b7badd99e0beea273be331f4"
            ],
            "version": "==0.1.0"
        },
        "manim": {
            "hashes": [
                "sha256:79d1a052cf498e18367c48443d2d8f578a0cddad6eded62eaaf8a970f8991e53",
                "sha256:ba851ac5e877214c4aae97f28bffe483efe97cb68159480897e13e0b9e9a86a4"
            ],
            "index": "pypi",
            "version": "==0.15.2"
        },
        "manimpango": {
            "hashes": [
                "sha256:02eee359b971d8f900ecb4de0e0023abe1aaec8f5e1c39c663a99a4e2b4425b0",
                "sha256:109f2f5298f7a53354871766b21bc3a40e41eba448030fdcdffb970a295ebf28",
                "sha256:2375739e7a65a7f16e5856b392d930410c194066dd44cf6000d5ef2eb3b7d6f3",
                "sha256:5228e5326dc52753f4e6855ac4bf9667d78c0005315cddaf74fac5c2a6f87bc3",
                "sha256:5ed7b089681d1379c4250b070b668079e92d69251491ec8e010c083d21a80775",
                "sha256:7a0e42e17b2caae12bcd68502befa0e879c8503e6d31cd07e8d819b1e2567718",
                "sha256:a83da66451498d6cc3f6e637157ca6c7530b68f9bc0ac6fe043b04bf78c87073",
                "sha256:c59cadd9ed02c0d748fcf294ddb7d158c2ba2a50caa96d6af58ee0bcde327d67",
                "sha256:ca35af36d490000a7155fdb3aae124bcdfe2a167086c95df0aeee92483f1dce1",
                "sha256:d36b4df474149e958fadcc31a29cefc90ced6240053fa0e9cd3188a5649eca6b",
                "sha256:f2da037ccdfe174040d3315001cc59bfc7405cd1b1191078bd4db0938005d649",
                "sha256:fb84060069e35bbc220cc9a19658f3e694019a98cee2154fee1171a47bf3db44",
                "sha256:fc70c1ae3bb853b7244ea2c9b50c908e9d7a93062ec68315872e38771cc66969"
            ],
            "markers": "python_version >= '3.7'",
            "version": "==0.4.1"
        },
        "mapbox-earcut": {
            "hashes": [
                "sha256:0a31f96bc080e2f12fd39172baf891c5050bd56e2f60608d45139fd0ce489f08",
                "sha256:18cd01be27ec85357e2f9ea0bbe7ce2f71d593966568e5cf12a9b7e19bf0e8d1",
                "sha256:1fdbca4b14564e636e5ffb4c83f49c739bacf49ec590db9ca2c25e9642feb490",
                "sha256:2357cc3402173b9ba601fe1d2abf55a2fc80a969680981e51fce3bd7524aab6f",
                "sha256:2808757f8a95eb816d3ce225528c9cb15355afe175f3bcb6837eb7700972e0b9",
                "sha256:2eb7b64ee5b003a71fd1108894fd7a579c87919e7cf5da9f865d5e9694934cd5",
                "sha256:30c2d30a00ad28d03026dba76de870b2e66fe01a7b340f3cb459b65a4c902ee5",
                "sha256:3285f55acc7628cec1a61c551a7225b9c78c4f849c39417c768019b4408f8536",
                "sha256:421dbfc321871e66afe9264165848c0d13a37b27156f8a42a642bf5820bafdda",
                "sha256:4c4c55711d7877ea4d2f11d1422c46004121a2b1f4aab6c0b587eab2d87b3a6b",
                "sha256:4c7c297063c2cd3608d42b174303dfb32f3b9252cf115bed06eb3c64875d3458",
                "sha256:4ebf5f1b3cc7ec0f90eb4f9479b8013da46ece2cf69c887fdfdee6bec1169eb6",
                "sha256:4eff01f3dc0f62ad4ea38da0ef16a242d613aa4efa38eb924677d8427de2e20c",
                "sha256:64ca3752284345416834e591d9029d50dfa06661208f45d8b7e91f58e2610864",
                "sha256:6542cc54b330c876e62dad15e98dd4df18e2fd75ffb5b9c84d0629bd085ea123",
                "sha256:69da117d3716b5e1f052d7ffc93411a8651bb7c8a7cc41c4ed362e07a45eaae6",
                "sha256:6e01b9a9bc15d85e7dcbec52148e9851760a67e097eb63e4bc354e551ab4ae6d",
                "sha256:83d6a8fc39ef55ddb1f47bd49523b11e7cf9f07292356b93ad18c58473282fd4",
                "sha256:8a90b6773db060474bbc1062c972a18f9dc4ea6940a47fb39090e60f821a9239",
                "sha256:8faaa8239a6c6db67220a1908b232e0d673c4ba5d06e0943fce0e4d9908ca796",
                "sha256:96783c3f818f0844d9153a45312142b4e1bda9c284eb4828bba1a9e1fbeb268e",
                "sha256:a39a27a205189476e6404a855652c834a1cef087207131d3515aff7ac06b1a1f",
                "sha256:c9d8d4e61ad67ce5aeac7a948b4bb68bd2126d5fceccaaaf33a625b43225ba45",
                "sha256:cbcd8c2831a8ce848842b3e710e57db00cfdd3d7753cc67b1cc61d0c7dd91ca8",
                "sha256:cc3e8b1961f53f7bae3c6818ee7114ba0512aa3c0a8fb61818240ecd02fd22e4",
                "sha256:d26621f4ca8eff937d4539d5d0e59142fd6466ea161791640ea17547394ffc18",
                "sha256:d438ef905fb3ec6cb1378c5b169888e0f36a7786354a9a2ae8b8d5e75fe5beee",
                "sha256:d90adb110d45198dcfc2b546648bd23b98737a38c6f0dea0e5949aeae3fca3dd",
                "sha256:dc4c69b2953b1267804f34044c483420f902514ab3cdf02fe454b4fd7192e6a2",
                "sha256:f69ac829ce208bcf85d47e0bf6409b79fc81ae7ca390de3ce2c4e971693328d8"
            ],
            "version": "==0.12.11"
        },
        "moderngl": {
            "hashes": [
                "sha256:0032c07b31bec50b26bba7ee7999e0f697000b31456bfa84391614bb92dba376",
                "sha256:01c71d94dbd59b5d37ead463991e2998c0924426cffa393b9da2b8334551c998",
                "sha256:0c02fdd386c45ad5d5053a436da64181a7821a042f6665c4ae415edfbdfe244c",
                "sha256:0c6b482f678641e56bd44acecd10eddf74d2cd31e472eff6cca05493cf01e2c9",
                "sha256:0eb8fb5efab2716938308732d16d0caf1a195015d84d73f2b73e3adacd228ba6",
                "sha256:186f8ab2b869c56f677dc87de0577a60790fb9306bd5149cedc433a39e9291e5",
                "sha256:1927a52fd3465c508045a1c4a8ea8c793399830d48458d431936f24f8827f136",
                "sha256:1bd864b5cc2fc1255785e33575cec98fa5ded698503c4f8f3fa9230abeaa3a04",
                "sha256:1c74b71c9acee9f0e69807a086d76e92f37c1960c3bb1d6a6e2472fd03f7be5b",
                "sha256:1f9ed0bc0d706124a01be2ad59b5774bb3b023e61dcf39faf7c4c7ef4b9f4f75",
                "sha256:23b6b30c5a16807d9d2b92f343fcdca8713a88801d8afa985decd302bb6ef7e9",
                "sha256:28b517fc56c9ab9eb1f5833f7d7b1274d3719b962f95f55ccd8a0f6db884a92b",
                "sha256:2ef57f65c639d12d534dce70e5c08965f0856ac371c669c7586904b8db6453eb",
                "sha256:331fd4bce60b10a08eed81a3ed4c70b7c297c38f981fdf3968d03a1c892af247",
                "sha256:3e2b40f1e11ee5f251a0d564e6a5d285ff91adf361e84f6912fc10959b92bd83",
                "sha256:3eb65afc8ec4a1d4a4c48696fb0f4f6cf7a7ada6bef97818d717dbca73c57b11",
                "sha256:3fb139bcdd25eae2c546e5788e9d8719f6c4b18a2ba68a9df31699b4ac57d62d",
                "sha256:40f74a2246e5302f93f2d46f76c0d2a26cbed1eb29731674c4052476f1e9c9ea",
                "sha256:46e7e03360eafa77159e0d6142904de0d2e9400254414820bbc2d0ca16b14388",
                "sha256:4a3aaa15eb4d43b79e06a46945869feb13f325312ad63666ef2b7d3e216e3a09",
                "sha256:4bcfcec3bc3b9a1ee19e94fa524913fd45c37214ea69301a6911e8e53f966029",
                "sha256:4fd721eb83e73d34c3f7b5a11aec656fef461b51bbe7503b07ea27370c593cbd",
                "sha256:52ee915a559762f0e992344961b35e0d241be32f8aa7464494e958f777e0534c",
                "sha256:571e524fde685e21dbe132f4eb7bb223cfc235dc917a4cf122bc44897be18e89",
                "sha256:59907d8855dd3ccf1950e8f43f5a1a7cdd93910d8edf538bf52e62098be22360",
                "sha256:5d76b0fb489a5dc6da591b979f8c471bb5b67409afaa9fe4569bc0abf25221f4",
                "sha256:5e158e6881034c7e1d0c583d7c82ff608439606f2359dc6098e4be4fd93cef9d",
                "sha256:5eb217b7726511d2382bfdd56b2a8ff5489aa7d1d73bf4f854343b07df286fa9",
                "sha256:61ec09bb3382d36e5ef3e627e85744b719db1175c3a3fdbadf9acde48eb1aca6",
                "sha256:6d04747cc9a96f786d04c8a176d5d2cbb51159efd66287d0e676ac674f53e861",
                "sha256:792ffe1ec233ed5fcfb0c14955a7f944d64c0d49713ff8b9c5fa3176d96f05c3",
                "sha256:8037b6934843000d5fecd2b1933d3894687123fc9afdb19af52a9a628971163d",
                "sha256:890caba3795a0288259d76a2cee014c6ffc00619bef179a8d0a87fd9c16a3729",
                "sha256:8a6bd0e342388b931954671ccf8300ab36cc7d8c991547581efa6df5628bda8b",
                "sha256:8c6d04559f5e3bf75a18525cd46d213c0f3a8409363718978e6de691bdb551fb",
                "sha256:90006d9dfd5333da604a7d26b2a5e70e1a570f291cd745b8bf80e4833d8821b6",
                "sha256:a07531c6b0f3da3058bd8927bc6c75eface98ce1416d8be4072b9b11b314b718",
                "sha256:a28dc741469eeb69549ee85b4ddbf8e9cfca6a2b19ce0406df9fde20f78082c8",
                "sha256:af44437545380a840dafd09658eb56592831dbd4fb481d320249d0d42c591bae",
                "sha256:b1d5f918dda6dc1ec5465d7105b06c5525041fbc368df5d4636145006ce3d303",
                "sha256:b22534529f5bc52c1fe43336787c06d51123ae978fb56e74e47cabd85056c934",
                "sha256:b5023633bcbfbab90be6a6f4edcde75f9c1e244d9acbda94678f3e3fb238b363",
                "sha256:b5151ccf38af80ce8600eac089df1c814eb72aa99c8768307348c1a170104b7e",
                "sha256:bc3764d67f037b67051871345a1d0b7a3d2c19cb5c0c0af0a84c532e802d6642",
                "sha256:c350e06affea9fabc636b2350cf6e58d83ee2e7264527eee0f5d142c167f5463",
                "sha256:ce87962b91635d857cac4a753c5d5f647d94dc66dcb0f090bb8d758fd226c3e8",
                "sha256:d2ec6ecd845f21ba44a08c11521cb71f2a9c2ea2ec189b7ed30d17837d392d70",
                "sha256:d4c56e15a5fb29de0295891ec3b153e2bd8aeada0c0825135aa5851fa481ff28",
                "sha256:d9092c50a2bb293be770f6f0ae5f1cb940848bf03682696c473a6d3f2c7710d2",
                "sha256:d9645afaa1704b2628d8a58be0760243d9954a62902283b176ea00a55b54eafe",
                "sha256:de252103b24a8dc40c7f6e1755e29bc9263c33b92141787b50c7ab0266c74906",
                "sha256:ee02dba4b32d7a165a36c797ce495d71deb085a7e29cfa7f1236fa7ccdfc6160",
                "sha256:ee5b1eced39d7f6dc68782c2abf01c1130a40b6d83d333d175ee71adbea7c721",
                "sha256:f7c2fce8b7a68f3df9189a19f424478e1d853cfd3e142efd1eb0d4cdf44148d7",
                "sha256:f83f6ab1fafdba2d9c06a7a1c8a4e460689ea1d514146606acc74f14e0831d93",
                "sha256:fc5cc1601a3df8f45f1901c6b9960731e0619d1781b0d036e12341fbf2ef55d3",
                "sha256:ffc48fc4deeb525ed33a828d13ca4c12c5af8e5cb0449011f1802e18b5fc3c25"
            ],
            "version": "==5.6.4"
        },
        "moderngl-window": {
            "hashes": [
                "sha256:5f2aaa6ae8d8a40fcd877febaf7494229c2bf1ef01d3fa9faa3a342075d4126a",
                "sha256:691de764640b87af3d851257be544e1cafddb9cfa47cb144d0c1f1a0ed0a3936"
            ],
            "markers": "python_version >= '3.6'",
            "version": "==2.4.1"
        },
        "multipledispatch": {
            "hashes": [
                "sha256:407e6d8c5fa27075968ba07c4db3ef5f02bea4e871e959570eeb69ee39a6565b",
                "sha256:a55c512128fb3f7c2efd2533f2550accb93c35f1045242ef74645fc92a2c3cba",
                "sha256:a7ab1451fd0bf9b92cab3edbd7b205622fb767aeefb4fb536c2e3de9e0a38bea"
            ],
            "version": "==0.6.0"
        },
        "networkx": {
            "hashes": [
                "sha256:80b6b89c77d1dfb64a4c7854981b60aeea6360ac02c6d4e4913319e0a313abef",
                "sha256:c0946ed31d71f1b732b5aaa6da5a0388a345019af232ce2f49c766e2d6795c51"
            ],
            "markers": "python_version >= '3.7'",
            "version": "==2.6.3"
        },
        "numpy": {
            "hashes": [
                "sha256:1dbe1c91269f880e364526649a52eff93ac30035507ae980d2fed33aaee633ac",
                "sha256:357768c2e4451ac241465157a3e929b265dfac85d9214074985b1786244f2ef3",
                "sha256:3820724272f9913b597ccd13a467cc492a0da6b05df26ea09e78b171a0bb9da6",
                "sha256:4391bd07606be175aafd267ef9bea87cf1b8210c787666ce82073b05f202add1",
                "sha256:4aa48afdce4660b0076a00d80afa54e8a97cd49f457d68a4342d188a09451c1a",
                "sha256:58459d3bad03343ac4b1b42ed14d571b8743dc80ccbf27444f266729df1d6f5b",
                "sha256:5c3c8def4230e1b959671eb959083661b4a0d2e9af93ee339c7dada6759a9470",
                "sha256:5f30427731561ce75d7048ac254dbe47a2ba576229250fb60f0fb74db96501a1",
                "sha256:643843bcc1c50526b3a71cd2ee561cf0d8773f062c8cbaf9ffac9fdf573f83ab",
                "sha256:67c261d6c0a9981820c3a149d255a76918278a6b03b6a036800359aba1256d46",
                "sha256:67f21981ba2f9d7ba9ade60c9e8cbaa8cf8e9ae51673934480e45cf55e953673",
                "sha256:6aaf96c7f8cebc220cdfc03f1d5a31952f027dda050e5a703a0d1c396075e3e7",
                "sha256:7c4068a8c44014b2d55f3c3f574c376b2494ca9cc73d2f1bd692382b6dffe3db",
                "sha256:7c7e5fa88d9ff656e067876e4736379cc962d185d5cd808014a8a928d529ef4e",
                "sha256:7f5ae4f304257569ef3b948810816bc87c9146e8c446053539947eedeaa32786",
                "sha256:82691fda7c3f77c90e62da69ae60b5ac08e87e775b09813559f8901a88266552",
                "sha256:8737609c3bbdd48e380d463134a35ffad3b22dc56295eff6f79fd85bd0eeeb25",
                "sha256:9f411b2c3f3d76bba0865b35a425157c5dcf54937f82bbeb3d3c180789dd66a6",
                "sha256:a6be4cb0ef3b8c9250c19cc122267263093eee7edd4e3fa75395dfda8c17a8e2",
                "sha256:bcb238c9c96c00d3085b264e5c1a1207672577b93fa666c3b14a45240b14123a",
                "sha256:bf2ec4b75d0e9356edea834d1de42b31fe11f726a81dfb2c2112bc1eaa508fcf",
                "sha256:d136337ae3cc69aa5e447e78d8e1514be8c3ec9b54264e680cf0b4bd9011574f",
                "sha256:d4bf4d43077db55589ffc9009c0ba0a94fa4908b9586d6ccce2e0b164c86303c",
                "sha256:d6a96eef20f639e6a97d23e57dd0c1b1069a7b4fd7027482a4c5c451cd7732f4",
                "sha256:d9caa9d5e682102453d96a0ee10c7241b72859b01a941a397fd965f23b3e016b",
                "sha256:dd1c8f6bd65d07d3810b90d02eba7997e32abbdf1277a481d698969e921a3be0",
                "sha256:e31f0bb5928b793169b87e3d1e070f2342b22d5245c755e2b81caa29756246c3",
                "sha256:ecb55251139706669fdec2ff073c98ef8e9a84473e51e716211b41aa0f18e656",
                "sha256:ee5ec40fdd06d62fe5d4084bef4fd50fd4bb6bfd2bf519365f569dc470163ab0",
                "sha256:f17e562de9edf691a42ddb1eb4a5541c20dd3f9e65b09ded2beb0799c0cf29bb",
                "sha256:fdffbfb6832cd0b300995a2b08b8f6fa9f6e856d562800fea9182316d99c4e8e"
            ],
            "markers": "python_version < '3.11' and python_version >= '3.7'",
            "version": "==1.21.6"
        },
        "pillow": {
            "hashes": [
                "sha256:01ce45deec9df310cbbee11104bae1a2a43308dd9c317f99235b6d3080ddd66e",
                "sha256:0c51cb9edac8a5abd069fd0758ac0a8bfe52c261ee0e330f363548aca6893595",
                "sha256:17869489de2fce6c36690a0c721bd3db176194af5f39249c1ac56d0bb0fcc512",
                "sha256:21dee8466b42912335151d24c1665fcf44dc2ee47e021d233a40c3ca5adae59c",
                "sha256:25023a6209a4d7c42154073144608c9a71d3512b648a2f5d4465182cb93d3477",
                "sha256:255c9d69754a4c90b0ee484967fc8818c7ff8311c6dddcc43a4340e10cd1636a",
                "sha256:35be4a9f65441d9982240e6966c1eaa1c654c4e5e931eaf580130409e31804d4",
                "sha256:3f42364485bfdab19c1373b5cd62f7c5ab7cc052e19644862ec8f15bb8af289e",
                "sha256:3fddcdb619ba04491e8f771636583a7cc5a5051cd193ff1aa1ee8616d2a692c5",
                "sha256:463acf531f5d0925ca55904fa668bb3461c3ef6bc779e1d6d8a488092bdee378",
                "sha256:4fe29a070de394e449fd88ebe1624d1e2d7ddeed4c12e0b31624561b58948d9a",
                "sha256:55dd1cf09a1fd7c7b78425967aacae9b0d70125f7d3ab973fadc7b5abc3de652",
                "sha256:5a3ecc026ea0e14d0ad7cd990ea7f48bfcb3eb4271034657dc9d06933c6629a7",
                "sha256:5cfca31ab4c13552a0f354c87fbd7f162a4fafd25e6b521bba93a57fe6a3700a",
                "sha256:66822d01e82506a19407d1afc104c3fcea3b81d5eb11485e593ad6b8492f995a",
                "sha256:69e5ddc609230d4408277af135c5b5c8fe7a54b2bdb8ad7c5100b86b3aab04c6",
                "sha256:6b6d4050b208c8ff886fd3db6690bf04f9a48749d78b41b7a5bf24c236ab0165",
                "sha256:7a053bd4d65a3294b153bdd7724dce864a1d548416a5ef61f6d03bf149205160",
                "sha256:82283af99c1c3a5ba1da44c67296d5aad19f11c535b551a5ae55328a317ce331",
                "sha256:8782189c796eff29dbb37dd87afa4ad4d40fc90b2742704f94812851b725964b",
                "sha256:8d79c6f468215d1a8415aa53d9868a6b40c4682165b8cb62a221b1baa47db458",
                "sha256:97bda660702a856c2c9e12ec26fc6d187631ddfd896ff685814ab21ef0597033",
                "sha256:a325ac71914c5c043fa50441b36606e64a10cd262de12f7a179620f579752ff8",
                "sha256:a336a4f74baf67e26f3acc4d61c913e378e931817cd1e2ef4dfb79d3e051b481",
                "sha256:a598d8830f6ef5501002ae85c7dbfcd9c27cc4efc02a1989369303ba85573e58",
                "sha256:a5eaf3b42df2bcda61c53a742ee2c6e63f777d0e085bbc6b2ab7ed57deb13db7",
                "sha256:aea7ce61328e15943d7b9eaca87e81f7c62ff90f669116f857262e9da4057ba3",
                "sha256:af79d3fde1fc2e33561166d62e3b63f0cc3e47b5a3a2e5fea40d4917754734ea",
                "sha256:c24f718f9dd73bb2b31a6201e6db5ea4a61fdd1d1c200f43ee585fc6dcd21b34",
                "sha256:c5b0ff59785d93b3437c3703e3c64c178aabada51dea2a7f2c5eccf1bcf565a3",
                "sha256:c7110ec1701b0bf8df569a7592a196c9d07c764a0a74f65471ea56816f10e2c8",
                "sha256:c870193cce4b76713a2b29be5d8327c8ccbe0d4a49bc22968aa1e680930f5581",
                "sha256:c9efef876c21788366ea1f50ecb39d5d6f65febe25ad1d4c0b8dff98843ac244",
                "sha256:de344bcf6e2463bb25179d74d6e7989e375f906bcec8cb86edb8b12acbc7dfef",
                "sha256:eb1b89b11256b5b6cad5e7593f9061ac4624f7651f7a8eb4dfa37caa1dfaa4d0",
                "sha256:ed742214068efa95e9844c2d9129e209ed63f61baa4d54dbf4cf8b5e2d30ccf2",
                "sha256:f401ed2bbb155e1ade150ccc63db1a4f6c1909d3d378f7d1235a44e90d75fb97",
                "sha256:fb89397013cf302f282f0fc998bb7abf11d49dcff72c8ecb320f76ea6e2c5717"
            ],
            "markers": "python_version >= '3.7'",
            "version": "==9.1.0"
        },
        "pycairo": {
            "hashes": [
                "sha256:251907f18a552df938aa3386657ff4b5a4937dde70e11aa042bc297957f4b74b",
                "sha256:26b72b813c6f9d495f71057eab89c13e70a21c92360e9265abc049e0a931fa39",
                "sha256:31e1c4850db03201d33929cbe1905ce1b33202683ebda7bb0d4dba489115066b",
                "sha256:4357f20a6b1de8f1e8072a74ff68ab4c9a0ae698cd9f5c0f2b2cdd9b28b635f6",
                "sha256:44a2ecf34968de07b3b9dfdcdbccbd25aa3cab267200f234f84e81481a73bbf6",
                "sha256:6d37375aab9f2bb6136f076c19815d72108383baae89fbc0d6cb8e5092217d02",
                "sha256:70936b19f967fa3cb3cd200c2608911227fa5d09dae21c166f64bc15e714ee41",
                "sha256:dace6b356c476de27f8e1522428ac21a799c225703f746e2957d441f885dcb6c",
                "sha256:f63c153a9ea3d21aff85e2caeee4b0c5d566b2368b4ed64826020d12953d76a4"
            ],
            "markers": "python_version >= '3.7'",
            "version": "==1.21.0"
        },
        "pydub": {
            "hashes": [
                "sha256:65617e33033874b59d87db603aa1ed450633288aefead953b30bded59cb599a6",
                "sha256:980a33ce9949cab2a569606b65674d748ecbca4f0796887fd6f46173a7b0d30f"
            ],
            "version": "==0.25.1"
        },
        "pyglet": {
            "hashes": [
                "sha256:1268a604b2268419cad94e95e42711553463f602c101f2bd48eb6eacaf9c306c",
                "sha256:5b4a4d5e5ad54946e31492eac67f7292e51a6577244641a277180f90a0192a8e"
            ],
            "version": "==1.5.24"
        },
        "pygments": {
            "hashes": [
                "sha256:5eb116118f9612ff1ee89ac96437bb6b49e8f04d8a13b514ba26f620208e26eb",
                "sha256:dc9c10fb40944260f6ed4c688ece0cd2048414940f1cea51b8b226318411c519"
            ],
            "markers": "python_version >= '3.6'",
            "version": "==2.12.0"
        },
        "pyrr": {
            "hashes": [
                "sha256:3c0f7b20326e71f706a610d58f2190fff73af01eef60c19cb188b186f0ec7e1d",
                "sha256:d8af23fb9bb29262405845e1c98f7339fbba5e49323b98528bd01160a75c65ac"
            ],
            "version": "==0.10.3"
        },
        "requests": {
            "hashes": [
                "sha256:68d7c56fd5a8999887728ef304a6d12edc7be74f1cfa47714fc8b414525c9a61",
                "sha256:f22fa1e554c9ddfd16e6e41ac79759e17be9e492b3587efa038054674760e72d"
            ],
            "markers": "python_version >= '2.7' and python_version not in '3.0, 3.1, 3.2, 3.3, 3.4, 3.5'",
            "version": "==2.27.1"
        },
        "rich": {
            "hashes": [
                "sha256:d13c6c90c42e24eb7ce660db397e8c398edd58acb7f92a2a88a95572b838aaa4",
                "sha256:d239001c0fb7de985e21ec9a4bb542b5150350330bbc1849f835b9cbc8923b91"
            ],
            "markers": "python_full_version >= '3.6.3' and python_version < '4'",
            "version": "==12.4.1"
        },
        "scipy": {
            "hashes": [
                "sha256:033ce76ed4e9f62923e1f8124f7e2b0800db533828c853b402c7eec6e9465d80",
                "sha256:173308efba2270dcd61cd45a30dfded6ec0085b4b6eb33b5eb11ab443005e088",
                "sha256:21b66200cf44b1c3e86495e3a436fc7a26608f92b8d43d344457c54f1c024cbc",
                "sha256:2c56b820d304dffcadbbb6cbfbc2e2c79ee46ea291db17e288e73cd3c64fefa9",
                "sha256:304dfaa7146cffdb75fbf6bb7c190fd7688795389ad060b970269c8576d038e9",
                "sha256:3f78181a153fa21c018d346f595edd648344751d7f03ab94b398be2ad083ed3e",
                "sha256:4d242d13206ca4302d83d8a6388c9dfce49fc48fdd3c20efad89ba12f785bf9e",
                "sha256:5d1cc2c19afe3b5a546ede7e6a44ce1ff52e443d12b231823268019f608b9b12",
                "sha256:5f2cfc359379c56b3a41b17ebd024109b2049f878badc1e454f31418c3a18436",
                "sha256:65bd52bf55f9a1071398557394203d881384d27b9c2cad7df9a027170aeaef93",
                "sha256:7edd9a311299a61e9919ea4192dd477395b50c014cdc1a1ac572d7c27e2207fa",
                "sha256:8499d9dd1459dc0d0fe68db0832c3d5fc1361ae8e13d05e6849b358dc3f2c279",
                "sha256:866ada14a95b083dd727a845a764cf95dd13ba3dc69a16b99038001b05439709",
                "sha256:87069cf875f0262a6e3187ab0f419f5b4280d3dcf4811ef9613c605f6e4dca95",
                "sha256:93378f3d14fff07572392ce6a6a2ceb3a1f237733bd6dcb9eb6a2b29b0d19085",
                "sha256:95c2d250074cfa76715d58830579c64dff7354484b284c2b8b87e5a38321672c",
                "sha256:ab5875facfdef77e0a47d5fd39ea178b58e60e454a4c85aa1e52fcb80db7babf",
                "sha256:b0e0aeb061a1d7dcd2ed59ea57ee56c9b23dd60100825f98238c06ee5cc4467e",
                "sha256:b78a35c5c74d336f42f44106174b9851c783184a85a3fe3e68857259b37b9ffb",
                "sha256:c9e04d7e9b03a8a6ac2045f7c5ef741be86727d8f49c45db45f244bdd2bcff17",
                "sha256:ca36e7d9430f7481fc7d11e015ae16fbd5575615a8e9060538104778be84addf",
                "sha256:ceebc3c4f6a109777c0053dfa0282fddb8893eddfb0d598574acfb734a926168",
                "sha256:e2c036492e673aad1b7b0d0ccdc0cb30a968353d2c4bf92ac8e73509e1bf212c",
                "sha256:eb326658f9b73c07081300daba90a8746543b5ea177184daed26528273157294",
                "sha256:eb7ae2c4dbdb3c9247e07acc532f91077ae6dbc40ad5bd5dca0bb5a176ee9bda",
                "sha256:edad1cf5b2ce1912c4d8ddad20e11d333165552aba262c882e28c78bbc09dbf6",
                "sha256:eef93a446114ac0193a7b714ce67659db80caf940f3232bad63f4c7a81bc18df",
                "sha256:f7eaea089345a35130bc9a39b89ec1ff69c208efa97b3f8b25ea5d4c41d88094",
                "sha256:f99d206db1f1ae735a8192ab93bd6028f3a42f6fa08467d37a14eb96c9dd34a3"
            ],
            "markers": "python_version < '3.11' and python_version >= '3.7'",
            "version": "==1.7.3"
        },
        "screeninfo": {
            "hashes": [
                "sha256:9501bf8b8458c7d1be4cb0ac9abddddfa80b932fb3f65bfcb54f5586434b1dc5",
                "sha256:dac455fbed79e82c481d59a00962f543e5a9bf3c2cc9f0e48e2714eb8d3cec23"
            ],
            "markers": "python_full_version >= '3.6.2' and python_version < '4'",
            "version": "==0.8"
        },
        "six": {
            "hashes": [
                "sha256:1e61c37477a1626458e36f7b1d82aa5c9b094fa4802892072e49de9c60c4c926",
                "sha256:8abb2f1d86890a2dfb989f9a77cfcfd3e47c2a354b01111771326f8aa26e0254"
            ],
            "markers": "python_version >= '2.7' and python_version not in '3.0, 3.1, 3.2'",
            "version": "==1.16.0"
        },
        "skia-pathops": {
            "hashes": [
                "sha256:14172fc2817b7e51d3e6859b435d11c917db68beb11d441aad4b247113c902a8",
                "sha256:172ddfc3bc573d994bf8d4a6ea1eb35a97976e3959831e306e4eca211c92392b",
                "sha256:17ee7f807e434e66cf8398607b696c7d529f1a2416452135a5f327c4e54b511d",
                "sha256:18fa97eab0e20daf89f57951f2218a8ac42493c7455eee37793e7771c414e28b",
                "sha256:1932a387b14c9661f4a578cfd74a71b01436adcc4ef3d0f526b85b7d3f28f2a3",
                "sha256:19d85c9afefba15af92b13c8889964f77e6382f58f42c6040b4019eb28cba690",
                "sha256:1a8e7729f32ac87419467efd6858c375fe01da21eb62c8a553c43327ff1cf9d7",
                "sha256:1e89d3cc2be2748ba09a06abc5cfe86743c0ec4a16366e34122d9e74e1276204",
                "sha256:24c7cb009ba379a0f4683e66801d752f87f3dcf1c76f57863155aec557042ed3",
                "sha256:2e4e6c792303419848ba8c035f3496faafcf4a23ec0b0c7596eda0c77b5d1500",
                "sha256:34a8eaace3386880303a564945e292961cfb1cadd06f178b1f959a6a0b8d6c40",
                "sha256:44a3c57c9bcae38fcc438ac6b048ba0c50759994ab466c424c5d7f6812d3a222",
                "sha256:462abfc5529fd42b433bf5ce88bd1cb1e3d589269f67600472b79feb2be3c081",
                "sha256:50fc18167cbb93b2c57c151289e2773b1db9347ba56d82e35f6fed1bd79a9268",
                "sha256:56dbaea031aca9f9e219a42fc454f386b0816d011119da0b7d43d92110e48148",
                "sha256:577371bc51a2b3efdee943b1c2f61af8765b7383bf2bf490968e61c7acb2204d",
                "sha256:6b61da9869d11b58bf471b851adc647fe989d625f0ddd02bc78d1cdcd3e0db60",
                "sha256:754a37e32e06d0c0affdae3cd7f97496997a07a322d3aaa0964a0bfa0fe84bfc",
                "sha256:7aa3ec93b5d7b6c4da607453b7b082770756ad6d5346af2dc6a4df061b786eed",
                "sha256:835b55899665b7fa14e51eb1f2eaa4c0e876bc5965dc92b7e89dc00519620f56",
                "sha256:8bf945cd0df19160c2eb3241db5773c6ca45404dfc661a64a825b93dd9517068",
                "sha256:8ce9ee85d53fff7c9e444f25ea98b817f87440694babde069df0112d37bf2ed4",
                "sha256:91c760e780bf99eac3be974d84ec7f61317794ed6deae54a28d2c8d5f61089b6",
                "sha256:a0ea795750d0d41c26b158b1018d94a60f78008a77e75f2c56f39e24d5541d68",
                "sha256:a58fcde1010a58bd6f251c4f2af2e0a37e281b4e807e295c84dcfb3541fef78b",
                "sha256:ab02f93bbad07cf249498271c4be885b27aea0b747b769cbfc255e7cb10cc689",
                "sha256:b6f3328815e6bcced0947df374937d51c6a386f260259c1732ff71b1cdd72c3d",
                "sha256:b9cd88c5bde4a0889ce090d2788eb8db0a6a3ed23c01a77c49cb847739b1257a",
                "sha256:bb8d25a0b5659cf1981c90c843b229c836ad0277808b8becbbb2a92972078cbf",
                "sha256:c261583734215751b59e12290323a177770002618819ad670acdb5b98b60dff6",
                "sha256:d28060f7a64fa834b1a88fb053227da30b5c27699dc08aa347a985ac3eced9b5",
                "sha256:e35b8962c5b9f10fb40f66708c18cc0bc17e0b0c98230e72514f780a1f42aac9",
                "sha256:f1a14fcaa6902e7f9ba8944e90e532e020b8f9554bd7443daed3caf9d9919cb8",
                "sha256:f6b518fca15b4456ddf99062f334c0333a5165be976fb0c9e071af29128583f7"
            ],
            "markers": "python_version >= '3.7'",
            "version": "==0.7.2"
        },
        "srt": {
            "hashes": [
                "sha256:7aa4ad5ce4126d3f53b3e7bc4edaa86653d0378bf1c0b1ab8c59f5ab41384450"
            ],
            "markers": "python_version >= '2.7'",
            "version": "==3.5.2"
        },
        "tqdm": {
            "hashes": [
                "sha256:40be55d30e200777a307a7585aee69e4eabb46b4ec6a4b4a5f2d9f11e7d5408d",
                "sha256:74a2cdefe14d11442cedf3ba4e21a3b84ff9a2dbdc6cfae2c34addb2a14a5ea6"
            ],
            "markers": "python_version >= '2.7' and python_version not in '3.0, 3.1, 3.2, 3.3'",
            "version": "==4.64.0"
        },
        "typing-extensions": {
            "hashes": [
                "sha256:6657594ee297170d19f67d55c05852a874e7eb634f4f753dbd667855e07c1708",
                "sha256:f1c24655a0da0d1b67f07e17a5e6b2a105894e6824b92096378bb3668ef02376"
            ],
            "markers": "python_version < '3.8' and python_version < '3.9'",
            "version": "==4.2.0"
        },
        "urllib3": {
            "hashes": [
                "sha256:44ece4d53fb1706f667c9bd1c648f5469a2ec925fcf3a776667042d645472c14",
                "sha256:aabaf16477806a5e1dd19aa41f8c2b7950dd3c746362d7e3223dbe6de6ac448e"
            ],
            "markers": "python_version >= '2.7' and python_version not in '3.0, 3.1, 3.2, 3.3, 3.4' and python_version < '4'",
            "version": "==1.26.9"
        },
        "watchdog": {
            "hashes": [
                "sha256:036ed15f7cd656351bf4e17244447be0a09a61aaa92014332d50719fc5973bc0",
                "sha256:0c520009b8cce79099237d810aaa19bc920941c268578436b62013b2f0102320",
                "sha256:0fb60c7d31474b21acba54079ce9ff0136411183e9a591369417cddb1d7d00d7",
                "sha256:156ec3a94695ea68cfb83454b98754af6e276031ba1ae7ae724dc6bf8973b92a",
                "sha256:1ae17b6be788fb8e4d8753d8d599de948f0275a232416e16436363c682c6f850",
                "sha256:1e5d0fdfaa265c29dc12621913a76ae99656cf7587d03950dfeb3595e5a26102",
                "sha256:24dedcc3ce75e150f2a1d704661f6879764461a481ba15a57dc80543de46021c",
                "sha256:2962628a8777650703e8f6f2593065884c602df7bae95759b2df267bd89b2ef5",
                "sha256:47598fe6713fc1fee86b1ca85c9cbe77e9b72d002d6adeab9c3b608f8a5ead10",
                "sha256:4978db33fc0934c92013ee163a9db158ec216099b69fce5aec790aba704da412",
                "sha256:5e2e51c53666850c3ecffe9d265fc5d7351db644de17b15e9c685dd3cdcd6f97",
                "sha256:676263bee67b165f16b05abc52acc7a94feac5b5ab2449b491f1a97638a79277",
                "sha256:68dbe75e0fa1ba4d73ab3f8e67b21770fbed0651d32ce515cd38919a26873266",
                "sha256:6d03149126864abd32715d4e9267d2754cede25a69052901399356ad3bc5ecff",
                "sha256:6ddf67bc9f413791072e3afb466e46cc72c6799ba73dea18439b412e8f2e3257",
                "sha256:746e4c197ec1083581bb1f64d07d1136accf03437badb5ff8fcb862565c193b2",
                "sha256:7721ac736170b191c50806f43357407138c6748e4eb3e69b071397f7f7aaeedd",
                "sha256:88ef3e8640ef0a64b7ad7394b0f23384f58ac19dd759da7eaa9bc04b2898943f",
                "sha256:aa68d2d9a89d686fae99d28a6edf3b18595e78f5adf4f5c18fbfda549ac0f20c",
                "sha256:b962de4d7d92ff78fb2dbc6a0cb292a679dea879a0eb5568911484d56545b153",
                "sha256:ce7376aed3da5fd777483fe5ebc8475a440c6d18f23998024f832134b2938e7b",
                "sha256:ddde157dc1447d8130cb5b8df102fad845916fe4335e3d3c3f44c16565becbb7",
                "sha256:efcc8cbc1b43902571b3dce7ef53003f5b97fe4f275fe0489565fc6e2ebe3314",
                "sha256:f9ee4c6bf3a1b2ed6be90a2d78f3f4bbd8105b6390c04a86eb48ed67bbfa0b0b",
                "sha256:fed4de6e45a4f16e4046ea00917b4fe1700b97244e5d114f594b4a1b9de6bed8"
            ],
            "markers": "python_version >= '3.6'",
            "version": "==2.1.8"
        },
        "zipp": {
            "hashes": [
                "sha256:56bf8aadb83c24db6c4b577e13de374ccfb67da2078beba1d037c17980bf43ad",
                "sha256:c4f6e5bbf48e74f7a38e7cc5b0480ff42b0ae5178957d564d18932525d5cf099"
            ],
            "markers": "python_version >= '3.7'",
            "version": "==3.8.0"
        }
    },
    "develop": {}
}
